
Microsoft Visual Studio Solution File, Format Version 12.00
# Visual Studio Version 17
VisualStudioVersion = 17.0.31903.59
MinimumVisualStudioVersion = 10.0.40219.1
Project("{FAE04EC0-301F-11D3-BF4B-00C04F79EFBC}") = "PersonalBudget.Api", "PersonalBudget.Api\PersonalBudget.Api.csproj", "{FF480DF1-0526-4D2F-BE20-5E0D4438E5AC}"
EndProject
Project("{2150E333-8FDC-42A3-9474-1A3956D46DE8}") = "src", "src", "{6193B35A-26FE-4B7A-8CAE-AA78D1E41A73}"
EndProject
Project("{FAE04EC0-301F-11D3-BF4B-00C04F79EFBC}") = "PersonalBudget.Domain", "PersonalBudget.Domain\PersonalBudget.Domain.csproj", "{EAA1FF3E-90DB-4631-B8DB-527CBB6D5BC2}"
EndProject
Project("{FAE04EC0-301F-11D3-BF4B-00C04F79EFBC}") = "PersonalBudget.Application", "PersonalBudget.Application\PersonalBudget.Application.csproj", "{9E4BC1EE-5ADE-46EE-A7A0-50AF2810FD7F}"
EndProject
Project("{2150E333-8FDC-42A3-9474-1A3956D46DE8}") = "test", "test", "{2C09029B-2D78-4F60-A02F-CC330F9A41A8}"
EndProject
Project("{FAE04EC0-301F-11D3-BF4B-00C04F79EFBC}") = "PersonalBudget.Domain.Tests", "PersonalBudget.Domain.Tests\PersonalBudget.Domain.Tests.csproj", "{31FE49A7-DABA-4324-849A-8ECE01C5E2AC}"
EndProject
Project("{FAE04EC0-301F-11D3-BF4B-00C04F79EFBC}") = "PersonalBudget.Infrastructure", "PersonalBudget.Infrastructure\PersonalBudget.Infrastructure.csproj", "{58702CB5-BA83-4876-97D8-4D9D31B13F9C}"
EndProject
Global
	GlobalSection(SolutionConfigurationPlatforms) = preSolution
		Debug|Any CPU = Debug|Any CPU
		Debug|x64 = Debug|x64
		Debug|x86 = Debug|x86
		Release|Any CPU = Release|Any CPU
		Release|x64 = Release|x64
		Release|x86 = Release|x86
	EndGlobalSection
	GlobalSection(ProjectConfigurationPlatforms) = postSolution
		{FF480DF1-0526-4D2F-BE20-5E0D4438E5AC}.Debug|Any CPU.ActiveCfg = Debug|Any CPU
		{FF480DF1-0526-4D2F-BE20-5E0D4438E5AC}.Debug|Any CPU.Build.0 = Debug|Any CPU
		{FF480DF1-0526-4D2F-BE20-5E0D4438E5AC}.Debug|x64.ActiveCfg = Debug|Any CPU
		{FF480DF1-0526-4D2F-BE20-5E0D4438E5AC}.Debug|x64.Build.0 = Debug|Any CPU
		{FF480DF1-0526-4D2F-BE20-5E0D4438E5AC}.Debug|x86.ActiveCfg = Debug|Any CPU
		{FF480DF1-0526-4D2F-BE20-5E0D4438E5AC}.Debug|x86.Build.0 = Debug|Any CPU
		{FF480DF1-0526-4D2F-BE20-5E0D4438E5AC}.Release|Any CPU.ActiveCfg = Release|Any CPU
		{FF480DF1-0526-4D2F-BE20-5E0D4438E5AC}.Release|Any CPU.Build.0 = Release|Any CPU
		{FF480DF1-0526-4D2F-BE20-5E0D4438E5AC}.Release|x64.ActiveCfg = Release|Any CPU
		{FF480DF1-0526-4D2F-BE20-5E0D4438E5AC}.Release|x64.Build.0 = Release|Any CPU
		{FF480DF1-0526-4D2F-BE20-5E0D4438E5AC}.Release|x86.ActiveCfg = Release|Any CPU
		{FF480DF1-0526-4D2F-BE20-5E0D4438E5AC}.Release|x86.Build.0 = Release|Any CPU
		{EAA1FF3E-90DB-4631-B8DB-527CBB6D5BC2}.Debug|Any CPU.ActiveCfg = Debug|Any CPU
		{EAA1FF3E-90DB-4631-B8DB-527CBB6D5BC2}.Debug|Any CPU.Build.0 = Debug|Any CPU
		{EAA1FF3E-90DB-4631-B8DB-527CBB6D5BC2}.Debug|x64.ActiveCfg = Debug|Any CPU
		{EAA1FF3E-90DB-4631-B8DB-527CBB6D5BC2}.Debug|x64.Build.0 = Debug|Any CPU
		{EAA1FF3E-90DB-4631-B8DB-527CBB6D5BC2}.Debug|x86.ActiveCfg = Debug|Any CPU
		{EAA1FF3E-90DB-4631-B8DB-527CBB6D5BC2}.Debug|x86.Build.0 = Debug|Any CPU
		{EAA1FF3E-90DB-4631-B8DB-527CBB6D5BC2}.Release|Any CPU.ActiveCfg = Release|Any CPU
		{EAA1FF3E-90DB-4631-B8DB-527CBB6D5BC2}.Release|Any CPU.Build.0 = Release|Any CPU
		{EAA1FF3E-90DB-4631-B8DB-527CBB6D5BC2}.Release|x64.ActiveCfg = Release|Any CPU
		{EAA1FF3E-90DB-4631-B8DB-527CBB6D5BC2}.Release|x64.Build.0 = Release|Any CPU
		{EAA1FF3E-90DB-4631-B8DB-527CBB6D5BC2}.Release|x86.ActiveCfg = Release|Any CPU
		{EAA1FF3E-90DB-4631-B8DB-527CBB6D5BC2}.Release|x86.Build.0 = Release|Any CPU
		{9E4BC1EE-5ADE-46EE-A7A0-50AF2810FD7F}.Debug|Any CPU.ActiveCfg = Debug|Any CPU
		{9E4BC1EE-5ADE-46EE-A7A0-50AF2810FD7F}.Debug|Any CPU.Build.0 = Debug|Any CPU
		{9E4BC1EE-5ADE-46EE-A7A0-50AF2810FD7F}.Debug|x64.ActiveCfg = Debug|Any CPU
		{9E4BC1EE-5ADE-46EE-A7A0-50AF2810FD7F}.Debug|x64.Build.0 = Debug|Any CPU
		{9E4BC1EE-5ADE-46EE-A7A0-50AF2810FD7F}.Debug|x86.ActiveCfg = Debug|Any CPU
		{9E4BC1EE-5ADE-46EE-A7A0-50AF2810FD7F}.Debug|x86.Build.0 = Debug|Any CPU
		{9E4BC1EE-5ADE-46EE-A7A0-50AF2810FD7F}.Release|Any CPU.ActiveCfg = Release|Any CPU
		{9E4BC1EE-5ADE-46EE-A7A0-50AF2810FD7F}.Release|Any CPU.Build.0 = Release|Any CPU
		{9E4BC1EE-5ADE-46EE-A7A0-50AF2810FD7F}.Release|x64.ActiveCfg = Release|Any CPU
		{9E4BC1EE-5ADE-46EE-A7A0-50AF2810FD7F}.Release|x64.Build.0 = Release|Any CPU
		{9E4BC1EE-5ADE-46EE-A7A0-50AF2810FD7F}.Release|x86.ActiveCfg = Release|Any CPU
		{9E4BC1EE-5ADE-46EE-A7A0-50AF2810FD7F}.Release|x86.Build.0 = Release|Any CPU
		{31FE49A7-DABA-4324-849A-8ECE01C5E2AC}.Debug|Any CPU.ActiveCfg = Debug|Any CPU
		{31FE49A7-DABA-4324-849A-8ECE01C5E2AC}.Debug|Any CPU.Build.0 = Debug|Any CPU
		{31FE49A7-DABA-4324-849A-8ECE01C5E2AC}.Debug|x64.ActiveCfg = Debug|Any CPU
		{31FE49A7-DABA-4324-849A-8ECE01C5E2AC}.Debug|x64.Build.0 = Debug|Any CPU
		{31FE49A7-DABA-4324-849A-8ECE01C5E2AC}.Debug|x86.ActiveCfg = Debug|Any CPU
		{31FE49A7-DABA-4324-849A-8ECE01C5E2AC}.Debug|x86.Build.0 = Debug|Any CPU
		{31FE49A7-DABA-4324-849A-8ECE01C5E2AC}.Release|Any CPU.ActiveCfg = Release|Any CPU
		{31FE49A7-DABA-4324-849A-8ECE01C5E2AC}.Release|Any CPU.Build.0 = Release|Any CPU
		{31FE49A7-DABA-4324-849A-8ECE01C5E2AC}.Release|x64.ActiveCfg = Release|Any CPU
		{31FE49A7-DABA-4324-849A-8ECE01C5E2AC}.Release|x64.Build.0 = Release|Any CPU
		{31FE49A7-DABA-4324-849A-8ECE01C5E2AC}.Release|x86.ActiveCfg = Release|Any CPU
		{31FE49A7-DABA-4324-849A-8ECE01C5E2AC}.Release|x86.Build.0 = Release|Any CPU
		{58702CB5-BA83-4876-97D8-4D9D31B13F9C}.Debug|Any CPU.ActiveCfg = Debug|Any CPU
		{58702CB5-BA83-4876-97D8-4D9D31B13F9C}.Debug|Any CPU.Build.0 = Debug|Any CPU
		{58702CB5-BA83-4876-97D8-4D9D31B13F9C}.Debug|x64.ActiveCfg = Debug|Any CPU
		{58702CB5-BA83-4876-97D8-4D9D31B13F9C}.Debug|x64.Build.0 = Debug|Any CPU
		{58702CB5-BA83-4876-97D8-4D9D31B13F9C}.Debug|x86.ActiveCfg = Debug|Any CPU
		{58702CB5-BA83-4876-97D8-4D9D31B13F9C}.Debug|x86.Build.0 = Debug|Any CPU
		{58702CB5-BA83-4876-97D8-4D9D31B13F9C}.Release|Any CPU.ActiveCfg = Release|Any CPU
		{58702CB5-BA83-4876-97D8-4D9D31B13F9C}.Release|Any CPU.Build.0 = Release|Any CPU
		{58702CB5-BA83-4876-97D8-4D9D31B13F9C}.Release|x64.ActiveCfg = Release|Any CPU
		{58702CB5-BA83-4876-97D8-4D9D31B13F9C}.Release|x64.Build.0 = Release|Any CPU
		{58702CB5-BA83-4876-97D8-4D9D31B13F9C}.Release|x86.ActiveCfg = Release|Any CPU
		{58702CB5-BA83-4876-97D8-4D9D31B13F9C}.Release|x86.Build.0 = Release|Any CPU
	EndGlobalSection
	GlobalSection(SolutionProperties) = preSolution
		HideSolutionNode = FALSE
	EndGlobalSection
	GlobalSection(NestedProjects) = preSolution
		{58702CB5-BA83-4876-97D8-4D9D31B13F9C} = {6193B35A-26FE-4B7A-8CAE-AA78D1E41A73}
		{FF480DF1-0526-4D2F-BE20-5E0D4438E5AC} = {6193B35A-26FE-4B7A-8CAE-AA78D1E41A73}
		{EAA1FF3E-90DB-4631-B8DB-527CBB6D5BC2} = {6193B35A-26FE-4B7A-8CAE-AA78D1E41A73}
		{9E4BC1EE-5ADE-46EE-A7A0-50AF2810FD7F} = {6193B35A-26FE-4B7A-8CAE-AA78D1E41A73}
		{31FE49A7-DABA-4324-849A-8ECE01C5E2AC} = {2C09029B-2D78-4F60-A02F-CC330F9A41A8}
	EndGlobalSection
EndGlobal
